// !$*UTF8*$!
{
	archiveVersion = 1;
	classes = {
	};
	objectVersion = 56;
	objects = {

/* Begin PBXBuildFile section */
		AC118B2E2ADB4B4600E86B5F /* ProjectTwoApp.swift in Sources */ = {isa = PBXBuildFile; fileRef = AC118B2D2ADB4B4600E86B5F /* ProjectTwoApp.swift */; };
		AC118B302ADB4B4600E86B5F /* ContentView.swift in Sources */ = {isa = PBXBuildFile; fileRef = AC118B2F2ADB4B4600E86B5F /* ContentView.swift */; };
		AC118B322ADB4B4700E86B5F /* Assets.xcassets in Resources */ = {isa = PBXBuildFile; fileRef = AC118B312ADB4B4700E86B5F /* Assets.xcassets */; };
		AC118B352ADB4B4700E86B5F /* Preview Assets.xcassets in Resources */ = {isa = PBXBuildFile; fileRef = AC118B342ADB4B4700E86B5F /* Preview Assets.xcassets */; };
		AC17AE822ADB5459002B1D7C /* Kingfisher in Frameworks */ = {isa = PBXBuildFile; productRef = AC17AE812ADB5459002B1D7C /* Kingfisher */; };
		AC17AE992ADB555D002B1D7C /* ServiceProtocol.swift in Sources */ = {isa = PBXBuildFile; fileRef = AC17AE932ADB555D002B1D7C /* ServiceProtocol.swift */; };
		AC17AE9A2ADB555D002B1D7C /* DogRequest.swift in Sources */ = {isa = PBXBuildFile; fileRef = AC17AE942ADB555D002B1D7C /* DogRequest.swift */; };
		AC17AE9B2ADB555D002B1D7C /* NetworkService.swift in Sources */ = {isa = PBXBuildFile; fileRef = AC17AE952ADB555D002B1D7C /* NetworkService.swift */; };
		AC17AE9C2ADB555D002B1D7C /* HttpMethod.swift in Sources */ = {isa = PBXBuildFile; fileRef = AC17AE962ADB555D002B1D7C /* HttpMethod.swift */; };
		AC17AE9D2ADB555D002B1D7C /* RequestProtocol.swift in Sources */ = {isa = PBXBuildFile; fileRef = AC17AE972ADB555D002B1D7C /* RequestProtocol.swift */; };
		AC17AE9E2ADB555D002B1D7C /* NetworkError.swift in Sources */ = {isa = PBXBuildFile; fileRef = AC17AE982ADB555D002B1D7C /* NetworkError.swift */; };
		AC1C6CBE2ADB56AC00E0FCED /* DogModel.swift in Sources */ = {isa = PBXBuildFile; fileRef = AC1C6CBD2ADB56AC00E0FCED /* DogModel.swift */; };
		AC1C6CC12ADB5A4F00E0FCED /* UIImageView+extension.swift in Sources */ = {isa = PBXBuildFile; fileRef = AC1C6CC02ADB5A4F00E0FCED /* UIImageView+extension.swift */; };
/* End PBXBuildFile section */

/* Begin PBXFileReference section */
		AC118B2A2ADB4B4600E86B5F /* ProjectTwo.app */ = {isa = PBXFileReference; explicitFileType = wrapper.application; includeInIndex = 0; path = ProjectTwo.app; sourceTree = BUILT_PRODUCTS_DIR; };
		AC118B2D2ADB4B4600E86B5F /* ProjectTwoApp.swift */ = {isa = PBXFileReference; lastKnownFileType = sourcecode.swift; path = ProjectTwoApp.swift; sourceTree = "<group>"; };
		AC118B2F2ADB4B4600E86B5F /* ContentView.swift */ = {isa = PBXFileReference; lastKnownFileType = sourcecode.swift; path = ContentView.swift; sourceTree = "<group>"; };
		AC118B312ADB4B4700E86B5F /* Assets.xcassets */ = {isa = PBXFileReference; lastKnownFileType = folder.assetcatalog; path = Assets.xcassets; sourceTree = "<group>"; };
		AC118B342ADB4B4700E86B5F /* Preview Assets.xcassets */ = {isa = PBXFileReference; lastKnownFileType = folder.assetcatalog; path = "Preview Assets.xcassets"; sourceTree = "<group>"; };
		AC118B3B2ADB4CFF00E86B5F /* Info.plist */ = {isa = PBXFileReference; lastKnownFileType = text.plist; path = Info.plist; sourceTree = "<group>"; };
		AC17AE932ADB555D002B1D7C /* ServiceProtocol.swift */ = {isa = PBXFileReference; fileEncoding = 4; lastKnownFileType = sourcecode.swift; path = ServiceProtocol.swift; sourceTree = "<group>"; };
		AC17AE942ADB555D002B1D7C /* DogRequest.swift */ = {isa = PBXFileReference; fileEncoding = 4; lastKnownFileType = sourcecode.swift; path = DogRequest.swift; sourceTree = "<group>"; };
		AC17AE952ADB555D002B1D7C /* NetworkService.swift */ = {isa = PBXFileReference; fileEncoding = 4; lastKnownFileType = sourcecode.swift; path = NetworkService.swift; sourceTree = "<group>"; };
		AC17AE962ADB555D002B1D7C /* HttpMethod.swift */ = {isa = PBXFileReference; fileEncoding = 4; lastKnownFileType = sourcecode.swift; path = HttpMethod.swift; sourceTree = "<group>"; };
		AC17AE972ADB555D002B1D7C /* RequestProtocol.swift */ = {isa = PBXFileReference; fileEncoding = 4; lastKnownFileType = sourcecode.swift; path = RequestProtocol.swift; sourceTree = "<group>"; };
		AC17AE982ADB555D002B1D7C /* NetworkError.swift */ = {isa = PBXFileReference; fileEncoding = 4; lastKnownFileType = sourcecode.swift; path = NetworkError.swift; sourceTree = "<group>"; };
		AC1C6CBD2ADB56AC00E0FCED /* DogModel.swift */ = {isa = PBXFileReference; lastKnownFileType = sourcecode.swift; path = DogModel.swift; sourceTree = "<group>"; };
		AC1C6CC02ADB5A4F00E0FCED /* UIImageView+extension.swift */ = {isa = PBXFileReference; lastKnownFileType = sourcecode.swift; path = "UIImageView+extension.swift"; sourceTree = "<group>"; };
/* End PBXFileReference section */

/* Begin PBXFrameworksBuildPhase section */
		AC118B272ADB4B4600E86B5F /* Frameworks */ = {
			isa = PBXFrameworksBuildPhase;
			buildActionMask = 2147483647;
			files = (
				AC17AE822ADB5459002B1D7C /* Kingfisher in Frameworks */,
			);
			runOnlyForDeploymentPostprocessing = 0;
		};
/* End PBXFrameworksBuildPhase section */

/* Begin PBXGroup section */
		AC118B212ADB4B4600E86B5F = {
			isa = PBXGroup;
			children = (
				AC118B2C2ADB4B4600E86B5F /* ProjectTwo */,
				AC118B2B2ADB4B4600E86B5F /* Products */,
			);
			sourceTree = "<group>";
		};
		AC118B2B2ADB4B4600E86B5F /* Products */ = {
			isa = PBXGroup;
			children = (
				AC118B2A2ADB4B4600E86B5F /* ProjectTwo.app */,
			);
			name = Products;
			sourceTree = "<group>";
		};
		AC118B2C2ADB4B4600E86B5F /* ProjectTwo */ = {
			isa = PBXGroup;
			children = (
				AC1C6CBF2ADB59C000E0FCED /* Commons */,
				AC17AE9F2ADB55B3002B1D7C /* Models */,
				AC17AE922ADB555D002B1D7C /* Service */,
				AC118B3B2ADB4CFF00E86B5F /* Info.plist */,
				AC118B2D2ADB4B4600E86B5F /* ProjectTwoApp.swift */,
				AC118B2F2ADB4B4600E86B5F /* ContentView.swift */,
				AC118B312ADB4B4700E86B5F /* Assets.xcassets */,
				AC118B332ADB4B4700E86B5F /* Preview Content */,
			);
			path = ProjectTwo;
			sourceTree = "<group>";
		};
		AC118B332ADB4B4700E86B5F /* Preview Content */ = {
			isa = PBXGroup;
			children = (
				AC118B342ADB4B4700E86B5F /* Preview Assets.xcassets */,
			);
			path = "Preview Content";
			sourceTree = "<group>";
		};
		AC17AE922ADB555D002B1D7C /* Service */ = {
			isa = PBXGroup;
			children = (
				AC17AE932ADB555D002B1D7C /* ServiceProtocol.swift */,
				AC17AE942ADB555D002B1D7C /* DogRequest.swift */,
				AC17AE952ADB555D002B1D7C /* NetworkService.swift */,
				AC17AE962ADB555D002B1D7C /* HttpMethod.swift */,
				AC17AE972ADB555D002B1D7C /* RequestProtocol.swift */,
				AC17AE982ADB555D002B1D7C /* NetworkError.swift */,
			);
			path = Service;
			sourceTree = "<group>";
		};
		AC17AE9F2ADB55B3002B1D7C /* Models */ = {
			isa = PBXGroup;
			children = (
				AC1C6CBD2ADB56AC00E0FCED /* DogModel.swift */,
			);
			path = Models;
			sourceTree = "<group>";
		};
		AC1C6CBF2ADB59C000E0FCED /* Commons */ = {
			isa = PBXGroup;
			children = (
				AC1C6CC02ADB5A4F00E0FCED /* UIImageView+extension.swift */,
			);
			path = Commons;
			sourceTree = "<group>";
		};
/* End PBXGroup section */

/* Begin PBXNativeTarget section */
		AC118B292ADB4B4600E86B5F /* ProjectTwo */ = {
			isa = PBXNativeTarget;
			buildConfigurationList = AC118B382ADB4B4700E86B5F /* Build configuration list for PBXNativeTarget "ProjectTwo" */;
			buildPhases = (
				AC118B262ADB4B4600E86B5F /* Sources */,
				AC118B272ADB4B4600E86B5F /* Frameworks */,
				AC118B282ADB4B4600E86B5F /* Resources */,
			);
			buildRules = (
			);
			dependencies = (
			);
			name = ProjectTwo;
			packageProductDependencies = (
				AC17AE812ADB5459002B1D7C /* Kingfisher */,
			);
			productName = ProjectTwo;
			productReference = AC118B2A2ADB4B4600E86B5F /* ProjectTwo.app */;
			productType = "com.apple.product-type.application";
		};
/* End PBXNativeTarget section */

/* Begin PBXProject section */
		AC118B222ADB4B4600E86B5F /* Project object */ = {
			isa = PBXProject;
			attributes = {
				BuildIndependentTargetsInParallel = 1;
				LastSwiftUpdateCheck = 1500;
				LastUpgradeCheck = 1500;
				TargetAttributes = {
					AC118B292ADB4B4600E86B5F = {
						CreatedOnToolsVersion = 15.0;
					};
				};
			};
			buildConfigurationList = AC118B252ADB4B4600E86B5F /* Build configuration list for PBXProject "ProjectTwo" */;
			compatibilityVersion = "Xcode 14.0";
			developmentRegion = en;
			hasScannedForEncodings = 0;
			knownRegions = (
				en,
				Base,
			);
			mainGroup = AC118B212ADB4B4600E86B5F;
			packageReferences = (
				AC17AE802ADB5459002B1D7C /* XCRemoteSwiftPackageReference "Kingfisher" */,
			);
			productRefGroup = AC118B2B2ADB4B4600E86B5F /* Products */;
			projectDirPath = "";
			projectRoot = "";
			targets = (
				AC118B292ADB4B4600E86B5F /* ProjectTwo */,
			);
		};
/* End PBXProject section */

/* Begin PBXResourcesBuildPhase section */
		AC118B282ADB4B4600E86B5F /* Resources */ = {
			isa = PBXResourcesBuildPhase;
			buildActionMask = 2147483647;
			files = (
				AC118B352ADB4B4700E86B5F /* Preview Assets.xcassets in Resources */,
				AC118B322ADB4B4700E86B5F /* Assets.xcassets in Resources */,
			);
			runOnlyForDeploymentPostprocessing = 0;
		};
/* End PBXResourcesBuildPhase section */

/* Begin PBXSourcesBuildPhase section */
		AC118B262ADB4B4600E86B5F /* Sources */ = {
			isa = PBXSourcesBuildPhase;
			buildActionMask = 2147483647;
			files = (
				AC1C6CC12ADB5A4F00E0FCED /* UIImageView+extension.swift in Sources */,
				AC17AE9B2ADB555D002B1D7C /* NetworkService.swift in Sources */,
				AC17AE9E2ADB555D002B1D7C /* NetworkError.swift in Sources */,
				AC17AE992ADB555D002B1D7C /* ServiceProtocol.swift in Sources */,
				AC118B302ADB4B4600E86B5F /* ContentView.swift in Sources */,
				AC17AE9A2ADB555D002B1D7C /* DogRequest.swift in Sources */,
				AC17AE9C2ADB555D002B1D7C /* HttpMethod.swift in Sources */,
				AC118B2E2ADB4B4600E86B5F /* ProjectTwoApp.swift in Sources */,
				AC1C6CBE2ADB56AC00E0FCED /* DogModel.swift in Sources */,
				AC17AE9D2ADB555D002B1D7C /* RequestProtocol.swift in Sources */,
			);
			runOnlyForDeploymentPostprocessing = 0;
		};
/* End PBXSourcesBuildPhase section */

/* Begin XCBuildConfiguration section */
		AC118B362ADB4B4700E86B5F /* Debug */ = {
			isa = XCBuildConfiguration;
			buildSettings = {
				ALWAYS_SEARCH_USER_PATHS = NO;
				ASSETCATALOG_COMPILER_GENERATE_SWIFT_ASSET_SYMBOL_EXTENSIONS = YES;
				CLANG_ANALYZER_NONNULL = YES;
				CLANG_ANALYZER_NUMBER_OBJECT_CONVERSION = YES_AGGRESSIVE;
				CLANG_CXX_LANGUAGE_STANDARD = "gnu++20";
				CLANG_ENABLE_MODULES = YES;
				CLANG_ENABLE_OBJC_ARC = YES;
				CLANG_ENABLE_OBJC_WEAK = YES;
				CLANG_WARN_BLOCK_CAPTURE_AUTORELEASING = YES;
				CLANG_WARN_BOOL_CONVERSION = YES;
				CLANG_WARN_COMMA = YES;
				CLANG_WARN_CONSTANT_CONVERSION = YES;
				CLANG_WARN_DEPRECATED_OBJC_IMPLEMENTATIONS = YES;
				CLANG_WARN_DIRECT_OBJC_ISA_USAGE = YES_ERROR;
				CLANG_WARN_DOCUMENTATION_COMMENTS = YES;
				CLANG_WARN_EMPTY_BODY = YES;
				CLANG_WARN_ENUM_CONVERSION = YES;
				CLANG_WARN_INFINITE_RECURSION = YES;
				CLANG_WARN_INT_CONVERSION = YES;
				CLANG_WARN_NON_LITERAL_NULL_CONVERSION = YES;
				CLANG_WARN_OBJC_IMPLICIT_RETAIN_SELF = YES;
				CLANG_WARN_OBJC_LITERAL_CONVERSION = YES;
				CLANG_WARN_OBJC_ROOT_CLASS = YES_ERROR;
				CLANG_WARN_QUOTED_INCLUDE_IN_FRAMEWORK_HEADER = YES;
				CLANG_WARN_RANGE_LOOP_ANALYSIS = YES;
				CLANG_WARN_STRICT_PROTOTYPES = YES;
				CLANG_WARN_SUSPICIOUS_MOVE = YES;
				CLANG_WARN_UNGUARDED_AVAILABILITY = YES_AGGRESSIVE;
				CLANG_WARN_UNREACHABLE_CODE = YES;
				CLANG_WARN__DUPLICATE_METHOD_MATCH = YES;
				COPY_PHASE_STRIP = NO;
				DEBUG_INFORMATION_FORMAT = dwarf;
				ENABLE_STRICT_OBJC_MSGSEND = YES;
				ENABLE_TESTABILITY = YES;
				ENABLE_USER_SCRIPT_SANDBOXING = YES;
				GCC_C_LANGUAGE_STANDARD = gnu17;
				GCC_DYNAMIC_NO_PIC = NO;
				GCC_NO_COMMON_BLOCKS = YES;
				GCC_OPTIMIZATION_LEVEL = 0;
				GCC_PREPROCESSOR_DEFINITIONS = (
					"DEBUG=1",
					"$(inherited)",
				);
				GCC_WARN_64_TO_32_BIT_CONVERSION = YES;
				GCC_WARN_ABOUT_RETURN_TYPE = YES_ERROR;
				GCC_WARN_UNDECLARED_SELECTOR = YES;
				GCC_WARN_UNINITIALIZED_AUTOS = YES_AGGRESSIVE;
				GCC_WARN_UNUSED_FUNCTION = YES;
				GCC_WARN_UNUSED_VARIABLE = YES;
				IPHONEOS_DEPLOYMENT_TARGET = 17.0;
				LOCALIZATION_PREFERS_STRING_CATALOGS = YES;
				MTL_ENABLE_DEBUG_INFO = INCLUDE_SOURCE;
				MTL_FAST_MATH = YES;
				ONLY_ACTIVE_ARCH = YES;
				SDKROOT = iphoneos;
				SWIFT_ACTIVE_COMPILATION_CONDITIONS = "DEBUG $(inherited)";
				SWIFT_OPTIMIZATION_LEVEL = "-Onone";
			};
			name = Debug;
		};
		AC118B372ADB4B4700E86B5F /* Release */ = {
			isa = XCBuildConfiguration;
			buildSettings = {
				ALWAYS_SEARCH_USER_PATHS = NO;
				ASSETCATALOG_COMPILER_GENERATE_SWIFT_ASSET_SYMBOL_EXTENSIONS = YES;
				CLANG_ANALYZER_NONNULL = YES;
				CLANG_ANALYZER_NUMBER_OBJECT_CONVERSION = YES_AGGRESSIVE;
				CLANG_CXX_LANGUAGE_STANDARD = "gnu++20";
				CLANG_ENABLE_MODULES = YES;
				CLANG_ENABLE_OBJC_ARC = YES;
				CLANG_ENABLE_OBJC_WEAK = YES;
				CLANG_WARN_BLOCK_CAPTURE_AUTORELEASING = YES;
				CLANG_WARN_BOOL_CONVERSION = YES;
				CLANG_WARN_COMMA = YES;
				CLANG_WARN_CONSTANT_CONVERSION = YES;
				CLANG_WARN_DEPRECATED_OBJC_IMPLEMENTATIONS = YES;
				CLANG_WARN_DIRECT_OBJC_ISA_USAGE = YES_ERROR;
				CLANG_WARN_DOCUMENTATION_COMMENTS = YES;
				CLANG_WARN_EMPTY_BODY = YES;
				CLANG_WARN_ENUM_CONVERSION = YES;
				CLANG_WARN_INFINITE_RECURSION = YES;
				CLANG_WARN_INT_CONVERSION = YES;
				CLANG_WARN_NON_LITERAL_NULL_CONVERSION = YES;
				CLANG_WARN_OBJC_IMPLICIT_RETAIN_SELF = YES;
				CLANG_WARN_OBJC_LITERAL_CONVERSION = YES;
				CLANG_WARN_OBJC_ROOT_CLASS = YES_ERROR;
				CLANG_WARN_QUOTED_INCLUDE_IN_FRAMEWORK_HEADER = YES;
				CLANG_WARN_RANGE_LOOP_ANALYSIS = YES;
				CLANG_WARN_STRICT_PROTOTYPES = YES;
				CLANG_WARN_SUSPICIOUS_MOVE = YES;
				CLANG_WARN_UNGUARDED_AVAILABILITY = YES_AGGRESSIVE;
				CLANG_WARN_UNREACHABLE_CODE = YES;
				CLANG_WARN__DUPLICATE_METHOD_MATCH = YES;
				COPY_PHASE_STRIP = NO;
				DEBUG_INFORMATION_FORMAT = "dwarf-with-dsym";
				ENABLE_NS_ASSERTIONS = NO;
				ENABLE_STRICT_OBJC_MSGSEND = YES;
				ENABLE_USER_SCRIPT_SANDBOXING = YES;
				GCC_C_LANGUAGE_STANDARD = gnu17;
				GCC_NO_COMMON_BLOCKS = YES;
				GCC_WARN_64_TO_32_BIT_CONVERSION = YES;
				GCC_WARN_ABOUT_RETURN_TYPE = YES_ERROR;
				GCC_WARN_UNDECLARED_SELECTOR = YES;
				GCC_WARN_UNINITIALIZED_AUTOS = YES_AGGRESSIVE;
				GCC_WARN_UNUSED_FUNCTION = YES;
				GCC_WARN_UNUSED_VARIABLE = YES;
				IPHONEOS_DEPLOYMENT_TARGET = 17.0;
				LOCALIZATION_PREFERS_STRING_CATALOGS = YES;
				MTL_ENABLE_DEBUG_INFO = NO;
				MTL_FAST_MATH = YES;
				SDKROOT = iphoneos;
				SWIFT_COMPILATION_MODE = wholemodule;
				VALIDATE_PRODUCT = YES;
			};
			name = Release;
		};
		AC118B392ADB4B4700E86B5F /* Debug */ = {
			isa = XCBuildConfiguration;
			buildSettings = {
				ASSETCATALOG_COMPILER_APPICON_NAME = AppIcon;
				ASSETCATALOG_COMPILER_GLOBAL_ACCENT_COLOR_NAME = AccentColor;
				CODE_SIGN_STYLE = Automatic;
				CURRENT_PROJECT_VERSION = 1;
				DEVELOPMENT_ASSET_PATHS = "\"ProjectTwo/Preview Content\"";
				DEVELOPMENT_TEAM = KY9KTSK9G3;
				ENABLE_PREVIEWS = YES;
				GENERATE_INFOPLIST_FILE = YES;
				INFOPLIST_FILE = ProjectTwo/Info.plist;
				INFOPLIST_KEY_CFBundleDisplayName = "Find Dog";
				INFOPLIST_KEY_LSApplicationCategoryType = "public.app-category.utilities";
				INFOPLIST_KEY_UIApplicationSceneManifest_Generation = YES;
				INFOPLIST_KEY_UIApplicationSupportsIndirectInputEvents = YES;
				INFOPLIST_KEY_UILaunchScreen_Generation = YES;
				INFOPLIST_KEY_UISupportedInterfaceOrientations = UIInterfaceOrientationPortrait;
				INFOPLIST_KEY_UISupportedInterfaceOrientations_iPad = "UIInterfaceOrientationLandscapeLeft UIInterfaceOrientationLandscapeRight UIInterfaceOrientationPortrait UIInterfaceOrientationPortraitUpsideDown";
				LD_RUNPATH_SEARCH_PATHS = (
					"$(inherited)",
					"@executable_path/Frameworks",
				);
				MARKETING_VERSION = 1.0;
				PRODUCT_BUNDLE_IDENTIFIER = com.robaert.ProjectTwo;
				PRODUCT_NAME = "$(TARGET_NAME)";
				SUPPORTED_PLATFORMS = "iphoneos iphonesimulator";
				SUPPORTS_MACCATALYST = NO;
				SUPPORTS_MAC_DESIGNED_FOR_IPHONE_IPAD = NO;
				SWIFT_EMIT_LOC_STRINGS = YES;
				SWIFT_VERSION = 5.0;
				TARGETED_DEVICE_FAMILY = 1;
			};
			name = Debug;
		};
		AC118B3A2ADB4B4700E86B5F /* Release */ = {
			isa = XCBuildConfiguration;
			buildSettings = {
				ASSETCATALOG_COMPILER_APPICON_NAME = AppIcon;
				ASSETCATALOG_COMPILER_GLOBAL_ACCENT_COLOR_NAME = AccentColor;
				CODE_SIGN_STYLE = Automatic;
				CURRENT_PROJECT_VERSION = 1;
				DEVELOPMENT_ASSET_PATHS = "\"ProjectTwo/Preview Content\"";
				DEVELOPMENT_TEAM = KY9KTSK9G3;
				ENABLE_PREVIEWS = YES;
				GENERATE_INFOPLIST_FILE = YES;
				INFOPLIST_FILE = ProjectTwo/Info.plist;
				INFOPLIST_KEY_CFBundleDisplayName = "Find Dog";
				INFOPLIST_KEY_LSApplicationCategoryType = "public.app-category.utilities";
				INFOPLIST_KEY_UIApplicationSceneManifest_Generation = YES;
				INFOPLIST_KEY_UIApplicationSupportsIndirectInputEvents = YES;
				INFOPLIST_KEY_UILaunchScreen_Generation = YES;
				INFOPLIST_KEY_UISupportedInterfaceOrientations = UIInterfaceOrientationPortrait;
				INFOPLIST_KEY_UISupportedInterfaceOrientations_iPad = "UIInterfaceOrientationLandscapeLeft UIInterfaceOrientationLandscapeRight UIInterfaceOrientationPortrait UIInterfaceOrientationPortraitUpsideDown";
				LD_RUNPATH_SEARCH_PATHS = (
					"$(inherited)",
					"@executable_path/Frameworks",
				);
				MARKETING_VERSION = 1.0;
				PRODUCT_BUNDLE_IDENTIFIER = com.robaert.ProjectTwo;
				PRODUCT_NAME = "$(TARGET_NAME)";
				SUPPORTED_PLATFORMS = "iphoneos iphonesimulator";
				SUPPORTS_MACCATALYST = NO;
				SUPPORTS_MAC_DESIGNED_FOR_IPHONE_IPAD = NO;
				SWIFT_EMIT_LOC_STRINGS = YES;
				SWIFT_VERSION = 5.0;
				TARGETED_DEVICE_FAMILY = 1;
			};
			name = Release;
		};
/* End XCBuildConfiguration section */

/* Begin XCConfigurationList section */
		AC118B252ADB4B4600E86B5F /* Build configuration list for PBXProject "ProjectTwo" */ = {
			isa = XCConfigurationList;
			buildConfigurations = (
				AC118B362ADB4B4700E86B5F /* Debug */,
				AC118B372ADB4B4700E86B5F /* Release */,
			);
			defaultConfigurationIsVisible = 0;
			defaultConfigurationName = Release;
		};
		AC118B382ADB4B4700E86B5F /* Build configuration list for PBXNativeTarget "ProjectTwo" */ = {
			isa = XCConfigurationList;
			buildConfigurations = (
				AC118B392ADB4B4700E86B5F /* Debug */,
				AC118B3A2ADB4B4700E86B5F /* Release */,
			);
			defaultConfigurationIsVisible = 0;
			defaultConfigurationName = Release;
		};
/* End XCConfigurationList section */

/* Begin XCRemoteSwiftPackageReference section */
		AC17AE802ADB5459002B1D7C /* XCRemoteSwiftPackageReference "Kingfisher" */ = {
			isa = XCRemoteSwiftPackageReference;
			repositoryURL = "https://github.com/onevcat/Kingfisher.git";
			requirement = {
				kind = upToNextMajorVersion;
				minimumVersion = 7.9.1;
			};
		};
/* End XCRemoteSwiftPackageReference section */

/* Begin XCSwiftPackageProductDependency section */
		AC17AE812ADB5459002B1D7C /* Kingfisher */ = {
			isa = XCSwiftPackageProductDependency;
			package = AC17AE802ADB5459002B1D7C /* XCRemoteSwiftPackageReference "Kingfisher" */;
			productName = Kingfisher;
		};
/* End XCSwiftPackageProductDependency section */
	};
	rootObject = AC118B222ADB4B4600E86B5F /* Project object */;
}
