// !$*UTF8*$!
{
	archiveVersion = 1;
	classes = {
	};
	objectVersion = 60;
	objects = {

/* Begin PBXBuildFile section */
		ACBC99852AE444DC001C8B2B /* ProjectThreeApp.swift in Sources */ = {isa = PBXBuildFile; fileRef = ACBC99842AE444DC001C8B2B /* ProjectThreeApp.swift */; };
		ACBC99872AE444DC001C8B2B /* ContentView.swift in Sources */ = {isa = PBXBuildFile; fileRef = ACBC99862AE444DC001C8B2B /* ContentView.swift */; };
		ACBC99892AE444DD001C8B2B /* Assets.xcassets in Resources */ = {isa = PBXBuildFile; fileRef = ACBC99882AE444DD001C8B2B /* Assets.xcassets */; };
		ACBC998C2AE444DD001C8B2B /* Preview Assets.xcassets in Resources */ = {isa = PBXBuildFile; fileRef = ACBC998B2AE444DD001C8B2B /* Preview Assets.xcassets */; };
		ACBC99972AE44582001C8B2B /* Network in Frameworks */ = {isa = PBXBuildFile; productRef = ACBC99962AE44582001C8B2B /* Network */; };
		ACBC999A2AE44940001C8B2B /* Network in Frameworks */ = {isa = PBXBuildFile; productRef = ACBC99992AE44940001C8B2B /* Network */; };
		ACBC999D2AE46BB6001C8B2B /* ViewModel.swift in Sources */ = {isa = PBXBuildFile; fileRef = ACBC999C2AE46BB6001C8B2B /* ViewModel.swift */; };
		ACBC999F2AE46C2C001C8B2B /* Requests.swift in Sources */ = {isa = PBXBuildFile; fileRef = ACBC999E2AE46C2C001C8B2B /* Requests.swift */; };
		ACBC99A12AE46DF2001C8B2B /* CryptoModel.swift in Sources */ = {isa = PBXBuildFile; fileRef = ACBC99A02AE46DF1001C8B2B /* CryptoModel.swift */; };
		ACBC99A32AE474BF001C8B2B /* SymbolsModel.swift in Sources */ = {isa = PBXBuildFile; fileRef = ACBC99A22AE474BF001C8B2B /* SymbolsModel.swift */; };
		ACBC99A62AE47A0F001C8B2B /* DetailSymbolView.swift in Sources */ = {isa = PBXBuildFile; fileRef = ACBC99A52AE47A0F001C8B2B /* DetailSymbolView.swift */; };
/* End PBXBuildFile section */

/* Begin PBXFileReference section */
		ACBC99812AE444DC001C8B2B /* ProjectThree.app */ = {isa = PBXFileReference; explicitFileType = wrapper.application; includeInIndex = 0; path = ProjectThree.app; sourceTree = BUILT_PRODUCTS_DIR; };
		ACBC99842AE444DC001C8B2B /* ProjectThreeApp.swift */ = {isa = PBXFileReference; lastKnownFileType = sourcecode.swift; path = ProjectThreeApp.swift; sourceTree = "<group>"; };
		ACBC99862AE444DC001C8B2B /* ContentView.swift */ = {isa = PBXFileReference; lastKnownFileType = sourcecode.swift; path = ContentView.swift; sourceTree = "<group>"; };
		ACBC99882AE444DD001C8B2B /* Assets.xcassets */ = {isa = PBXFileReference; lastKnownFileType = folder.assetcatalog; path = Assets.xcassets; sourceTree = "<group>"; };
		ACBC998B2AE444DD001C8B2B /* Preview Assets.xcassets */ = {isa = PBXFileReference; lastKnownFileType = folder.assetcatalog; path = "Preview Assets.xcassets"; sourceTree = "<group>"; };
		ACBC999B2AE46B75001C8B2B /* Info.plist */ = {isa = PBXFileReference; lastKnownFileType = text.plist; path = Info.plist; sourceTree = "<group>"; };
		ACBC999C2AE46BB6001C8B2B /* ViewModel.swift */ = {isa = PBXFileReference; lastKnownFileType = sourcecode.swift; path = ViewModel.swift; sourceTree = "<group>"; };
		ACBC999E2AE46C2C001C8B2B /* Requests.swift */ = {isa = PBXFileReference; lastKnownFileType = sourcecode.swift; path = Requests.swift; sourceTree = "<group>"; };
		ACBC99A02AE46DF1001C8B2B /* CryptoModel.swift */ = {isa = PBXFileReference; lastKnownFileType = sourcecode.swift; path = CryptoModel.swift; sourceTree = "<group>"; };
		ACBC99A22AE474BF001C8B2B /* SymbolsModel.swift */ = {isa = PBXFileReference; lastKnownFileType = sourcecode.swift; path = SymbolsModel.swift; sourceTree = "<group>"; };
		ACBC99A52AE47A0F001C8B2B /* DetailSymbolView.swift */ = {isa = PBXFileReference; lastKnownFileType = sourcecode.swift; path = DetailSymbolView.swift; sourceTree = "<group>"; };
/* End PBXFileReference section */

/* Begin PBXFrameworksBuildPhase section */
		ACBC997E2AE444DC001C8B2B /* Frameworks */ = {
			isa = PBXFrameworksBuildPhase;
			buildActionMask = 2147483647;
			files = (
				ACBC99972AE44582001C8B2B /* Network in Frameworks */,
				ACBC999A2AE44940001C8B2B /* Network in Frameworks */,
			);
			runOnlyForDeploymentPostprocessing = 0;
		};
/* End PBXFrameworksBuildPhase section */

/* Begin PBXGroup section */
		ACBC99782AE444DC001C8B2B = {
			isa = PBXGroup;
			children = (
				ACBC99832AE444DC001C8B2B /* ProjectThree */,
				ACBC99822AE444DC001C8B2B /* Products */,
				ACBC99922AE44550001C8B2B /* Frameworks */,
			);
			sourceTree = "<group>";
		};
		ACBC99822AE444DC001C8B2B /* Products */ = {
			isa = PBXGroup;
			children = (
				ACBC99812AE444DC001C8B2B /* ProjectThree.app */,
			);
			name = Products;
			sourceTree = "<group>";
		};
		ACBC99832AE444DC001C8B2B /* ProjectThree */ = {
			isa = PBXGroup;
			children = (
				ACBC99A42AE4760C001C8B2B /* Models */,
				ACBC99842AE444DC001C8B2B /* ProjectThreeApp.swift */,
				ACBC99862AE444DC001C8B2B /* ContentView.swift */,
				ACBC999C2AE46BB6001C8B2B /* ViewModel.swift */,
				ACBC99882AE444DD001C8B2B /* Assets.xcassets */,
				ACBC999B2AE46B75001C8B2B /* Info.plist */,
				ACBC998A2AE444DD001C8B2B /* Preview Content */,
				ACBC99A52AE47A0F001C8B2B /* DetailSymbolView.swift */,
			);
			path = ProjectThree;
			sourceTree = "<group>";
		};
		ACBC998A2AE444DD001C8B2B /* Preview Content */ = {
			isa = PBXGroup;
			children = (
				ACBC998B2AE444DD001C8B2B /* Preview Assets.xcassets */,
			);
			path = "Preview Content";
			sourceTree = "<group>";
		};
		ACBC99922AE44550001C8B2B /* Frameworks */ = {
			isa = PBXGroup;
			children = (
			);
			name = Frameworks;
			sourceTree = "<group>";
		};
		ACBC99A42AE4760C001C8B2B /* Models */ = {
			isa = PBXGroup;
			children = (
				ACBC999E2AE46C2C001C8B2B /* Requests.swift */,
				ACBC99A02AE46DF1001C8B2B /* CryptoModel.swift */,
				ACBC99A22AE474BF001C8B2B /* SymbolsModel.swift */,
			);
			path = Models;
			sourceTree = "<group>";
		};
/* End PBXGroup section */

/* Begin PBXNativeTarget section */
		ACBC99802AE444DC001C8B2B /* ProjectThree */ = {
			isa = PBXNativeTarget;
			buildConfigurationList = ACBC998F2AE444DD001C8B2B /* Build configuration list for PBXNativeTarget "ProjectThree" */;
			buildPhases = (
				ACBC997D2AE444DC001C8B2B /* Sources */,
				ACBC997E2AE444DC001C8B2B /* Frameworks */,
				ACBC997F2AE444DC001C8B2B /* Resources */,
			);
			buildRules = (
			);
			dependencies = (
			);
			name = ProjectThree;
			packageProductDependencies = (
				ACBC99962AE44582001C8B2B /* Network */,
				ACBC99992AE44940001C8B2B /* Network */,
			);
			productName = ProjectThree;
			productReference = ACBC99812AE444DC001C8B2B /* ProjectThree.app */;
			productType = "com.apple.product-type.application";
		};
/* End PBXNativeTarget section */

/* Begin PBXProject section */
		ACBC99792AE444DC001C8B2B /* Project object */ = {
			isa = PBXProject;
			attributes = {
				BuildIndependentTargetsInParallel = 1;
				LastSwiftUpdateCheck = 1500;
				LastUpgradeCheck = 1500;
				TargetAttributes = {
					ACBC99802AE444DC001C8B2B = {
						CreatedOnToolsVersion = 15.0.1;
					};
				};
			};
			buildConfigurationList = ACBC997C2AE444DC001C8B2B /* Build configuration list for PBXProject "ProjectThree" */;
			compatibilityVersion = "Xcode 14.0";
			developmentRegion = en;
			hasScannedForEncodings = 0;
			knownRegions = (
				en,
				Base,
			);
			mainGroup = ACBC99782AE444DC001C8B2B;
			packageReferences = (
				ACBC99982AE44940001C8B2B /* XCLocalSwiftPackageReference "../Network" */,
			);
			productRefGroup = ACBC99822AE444DC001C8B2B /* Products */;
			projectDirPath = "";
			projectRoot = "";
			targets = (
				ACBC99802AE444DC001C8B2B /* ProjectThree */,
			);
		};
/* End PBXProject section */

/* Begin PBXResourcesBuildPhase section */
		ACBC997F2AE444DC001C8B2B /* Resources */ = {
			isa = PBXResourcesBuildPhase;
			buildActionMask = 2147483647;
			files = (
				ACBC998C2AE444DD001C8B2B /* Preview Assets.xcassets in Resources */,
				ACBC99892AE444DD001C8B2B /* Assets.xcassets in Resources */,
			);
			runOnlyForDeploymentPostprocessing = 0;
		};
/* End PBXResourcesBuildPhase section */

/* Begin PBXSourcesBuildPhase section */
		ACBC997D2AE444DC001C8B2B /* Sources */ = {
			isa = PBXSourcesBuildPhase;
			buildActionMask = 2147483647;
			files = (
				ACBC99872AE444DC001C8B2B /* ContentView.swift in Sources */,
				ACBC999F2AE46C2C001C8B2B /* Requests.swift in Sources */,
				ACBC999D2AE46BB6001C8B2B /* ViewModel.swift in Sources */,
				ACBC99852AE444DC001C8B2B /* ProjectThreeApp.swift in Sources */,
				ACBC99A62AE47A0F001C8B2B /* DetailSymbolView.swift in Sources */,
				ACBC99A12AE46DF2001C8B2B /* CryptoModel.swift in Sources */,
				ACBC99A32AE474BF001C8B2B /* SymbolsModel.swift in Sources */,
			);
			runOnlyForDeploymentPostprocessing = 0;
		};
/* End PBXSourcesBuildPhase section */

/* Begin XCBuildConfiguration section */
		ACBC998D2AE444DD001C8B2B /* Debug */ = {
			isa = XCBuildConfiguration;
			buildSettings = {
				ALWAYS_SEARCH_USER_PATHS = NO;
				ASSETCATALOG_COMPILER_GENERATE_SWIFT_ASSET_SYMBOL_EXTENSIONS = YES;
				CLANG_ANALYZER_NONNULL = YES;
				CLANG_ANALYZER_NUMBER_OBJECT_CONVERSION = YES_AGGRESSIVE;
				CLANG_CXX_LANGUAGE_STANDARD = "gnu++20";
				CLANG_ENABLE_MODULES = YES;
				CLANG_ENABLE_OBJC_ARC = YES;
				CLANG_ENABLE_OBJC_WEAK = YES;
				CLANG_WARN_BLOCK_CAPTURE_AUTORELEASING = YES;
				CLANG_WARN_BOOL_CONVERSION = YES;
				CLANG_WARN_COMMA = YES;
				CLANG_WARN_CONSTANT_CONVERSION = YES;
				CLANG_WARN_DEPRECATED_OBJC_IMPLEMENTATIONS = YES;
				CLANG_WARN_DIRECT_OBJC_ISA_USAGE = YES_ERROR;
				CLANG_WARN_DOCUMENTATION_COMMENTS = YES;
				CLANG_WARN_EMPTY_BODY = YES;
				CLANG_WARN_ENUM_CONVERSION = YES;
				CLANG_WARN_INFINITE_RECURSION = YES;
				CLANG_WARN_INT_CONVERSION = YES;
				CLANG_WARN_NON_LITERAL_NULL_CONVERSION = YES;
				CLANG_WARN_OBJC_IMPLICIT_RETAIN_SELF = YES;
				CLANG_WARN_OBJC_LITERAL_CONVERSION = YES;
				CLANG_WARN_OBJC_ROOT_CLASS = YES_ERROR;
				CLANG_WARN_QUOTED_INCLUDE_IN_FRAMEWORK_HEADER = YES;
				CLANG_WARN_RANGE_LOOP_ANALYSIS = YES;
				CLANG_WARN_STRICT_PROTOTYPES = YES;
				CLANG_WARN_SUSPICIOUS_MOVE = YES;
				CLANG_WARN_UNGUARDED_AVAILABILITY = YES_AGGRESSIVE;
				CLANG_WARN_UNREACHABLE_CODE = YES;
				CLANG_WARN__DUPLICATE_METHOD_MATCH = YES;
				COPY_PHASE_STRIP = NO;
				DEBUG_INFORMATION_FORMAT = dwarf;
				ENABLE_STRICT_OBJC_MSGSEND = YES;
				ENABLE_TESTABILITY = YES;
				ENABLE_USER_SCRIPT_SANDBOXING = YES;
				GCC_C_LANGUAGE_STANDARD = gnu17;
				GCC_DYNAMIC_NO_PIC = NO;
				GCC_NO_COMMON_BLOCKS = YES;
				GCC_OPTIMIZATION_LEVEL = 0;
				GCC_PREPROCESSOR_DEFINITIONS = (
					"DEBUG=1",
					"$(inherited)",
				);
				GCC_WARN_64_TO_32_BIT_CONVERSION = YES;
				GCC_WARN_ABOUT_RETURN_TYPE = YES_ERROR;
				GCC_WARN_UNDECLARED_SELECTOR = YES;
				GCC_WARN_UNINITIALIZED_AUTOS = YES_AGGRESSIVE;
				GCC_WARN_UNUSED_FUNCTION = YES;
				GCC_WARN_UNUSED_VARIABLE = YES;
				IPHONEOS_DEPLOYMENT_TARGET = 17.0;
				LOCALIZATION_PREFERS_STRING_CATALOGS = YES;
				MTL_ENABLE_DEBUG_INFO = INCLUDE_SOURCE;
				MTL_FAST_MATH = YES;
				ONLY_ACTIVE_ARCH = YES;
				SDKROOT = iphoneos;
				SWIFT_ACTIVE_COMPILATION_CONDITIONS = "DEBUG $(inherited)";
				SWIFT_OPTIMIZATION_LEVEL = "-Onone";
			};
			name = Debug;
		};
		ACBC998E2AE444DD001C8B2B /* Release */ = {
			isa = XCBuildConfiguration;
			buildSettings = {
				ALWAYS_SEARCH_USER_PATHS = NO;
				ASSETCATALOG_COMPILER_GENERATE_SWIFT_ASSET_SYMBOL_EXTENSIONS = YES;
				CLANG_ANALYZER_NONNULL = YES;
				CLANG_ANALYZER_NUMBER_OBJECT_CONVERSION = YES_AGGRESSIVE;
				CLANG_CXX_LANGUAGE_STANDARD = "gnu++20";
				CLANG_ENABLE_MODULES = YES;
				CLANG_ENABLE_OBJC_ARC = YES;
				CLANG_ENABLE_OBJC_WEAK = YES;
				CLANG_WARN_BLOCK_CAPTURE_AUTORELEASING = YES;
				CLANG_WARN_BOOL_CONVERSION = YES;
				CLANG_WARN_COMMA = YES;
				CLANG_WARN_CONSTANT_CONVERSION = YES;
				CLANG_WARN_DEPRECATED_OBJC_IMPLEMENTATIONS = YES;
				CLANG_WARN_DIRECT_OBJC_ISA_USAGE = YES_ERROR;
				CLANG_WARN_DOCUMENTATION_COMMENTS = YES;
				CLANG_WARN_EMPTY_BODY = YES;
				CLANG_WARN_ENUM_CONVERSION = YES;
				CLANG_WARN_INFINITE_RECURSION = YES;
				CLANG_WARN_INT_CONVERSION = YES;
				CLANG_WARN_NON_LITERAL_NULL_CONVERSION = YES;
				CLANG_WARN_OBJC_IMPLICIT_RETAIN_SELF = YES;
				CLANG_WARN_OBJC_LITERAL_CONVERSION = YES;
				CLANG_WARN_OBJC_ROOT_CLASS = YES_ERROR;
				CLANG_WARN_QUOTED_INCLUDE_IN_FRAMEWORK_HEADER = YES;
				CLANG_WARN_RANGE_LOOP_ANALYSIS = YES;
				CLANG_WARN_STRICT_PROTOTYPES = YES;
				CLANG_WARN_SUSPICIOUS_MOVE = YES;
				CLANG_WARN_UNGUARDED_AVAILABILITY = YES_AGGRESSIVE;
				CLANG_WARN_UNREACHABLE_CODE = YES;
				CLANG_WARN__DUPLICATE_METHOD_MATCH = YES;
				COPY_PHASE_STRIP = NO;
				DEBUG_INFORMATION_FORMAT = "dwarf-with-dsym";
				ENABLE_NS_ASSERTIONS = NO;
				ENABLE_STRICT_OBJC_MSGSEND = YES;
				ENABLE_USER_SCRIPT_SANDBOXING = YES;
				GCC_C_LANGUAGE_STANDARD = gnu17;
				GCC_NO_COMMON_BLOCKS = YES;
				GCC_WARN_64_TO_32_BIT_CONVERSION = YES;
				GCC_WARN_ABOUT_RETURN_TYPE = YES_ERROR;
				GCC_WARN_UNDECLARED_SELECTOR = YES;
				GCC_WARN_UNINITIALIZED_AUTOS = YES_AGGRESSIVE;
				GCC_WARN_UNUSED_FUNCTION = YES;
				GCC_WARN_UNUSED_VARIABLE = YES;
				IPHONEOS_DEPLOYMENT_TARGET = 17.0;
				LOCALIZATION_PREFERS_STRING_CATALOGS = YES;
				MTL_ENABLE_DEBUG_INFO = NO;
				MTL_FAST_MATH = YES;
				SDKROOT = iphoneos;
				SWIFT_COMPILATION_MODE = wholemodule;
				VALIDATE_PRODUCT = YES;
			};
			name = Release;
		};
		ACBC99902AE444DD001C8B2B /* Debug */ = {
			isa = XCBuildConfiguration;
			buildSettings = {
				ASSETCATALOG_COMPILER_APPICON_NAME = AppIcon;
				ASSETCATALOG_COMPILER_GLOBAL_ACCENT_COLOR_NAME = AccentColor;
				CODE_SIGN_STYLE = Automatic;
				CURRENT_PROJECT_VERSION = 1;
				DEVELOPMENT_ASSET_PATHS = "\"ProjectThree/Preview Content\"";
				DEVELOPMENT_TEAM = KY9KTSK9G3;
				ENABLE_PREVIEWS = YES;
				GENERATE_INFOPLIST_FILE = YES;
				INFOPLIST_FILE = ProjectThree/Info.plist;
				INFOPLIST_KEY_CFBundleDisplayName = "Find Crypto";
				INFOPLIST_KEY_UIApplicationSceneManifest_Generation = YES;
				INFOPLIST_KEY_UIApplicationSupportsIndirectInputEvents = YES;
				INFOPLIST_KEY_UILaunchScreen_Generation = YES;
				INFOPLIST_KEY_UISupportedInterfaceOrientations_iPad = "UIInterfaceOrientationPortrait UIInterfaceOrientationPortraitUpsideDown UIInterfaceOrientationLandscapeLeft UIInterfaceOrientationLandscapeRight";
				INFOPLIST_KEY_UISupportedInterfaceOrientations_iPhone = "UIInterfaceOrientationPortrait UIInterfaceOrientationLandscapeLeft UIInterfaceOrientationLandscapeRight";
				LD_RUNPATH_SEARCH_PATHS = (
					"$(inherited)",
					"@executable_path/Frameworks",
				);
				MARKETING_VERSION = 1.0;
				PRODUCT_BUNDLE_IDENTIFIER = com.robaert.ProjectThree;
				PRODUCT_NAME = "$(TARGET_NAME)";
				SWIFT_EMIT_LOC_STRINGS = YES;
				SWIFT_VERSION = 5.0;
				TARGETED_DEVICE_FAMILY = "1,2";
			};
			name = Debug;
		};
		ACBC99912AE444DD001C8B2B /* Release */ = {
			isa = XCBuildConfiguration;
			buildSettings = {
				ASSETCATALOG_COMPILER_APPICON_NAME = AppIcon;
				ASSETCATALOG_COMPILER_GLOBAL_ACCENT_COLOR_NAME = AccentColor;
				CODE_SIGN_STYLE = Automatic;
				CURRENT_PROJECT_VERSION = 1;
				DEVELOPMENT_ASSET_PATHS = "\"ProjectThree/Preview Content\"";
				DEVELOPMENT_TEAM = KY9KTSK9G3;
				ENABLE_PREVIEWS = YES;
				GENERATE_INFOPLIST_FILE = YES;
				INFOPLIST_FILE = ProjectThree/Info.plist;
				INFOPLIST_KEY_CFBundleDisplayName = "Find Crypto";
				INFOPLIST_KEY_UIApplicationSceneManifest_Generation = YES;
				INFOPLIST_KEY_UIApplicationSupportsIndirectInputEvents = YES;
				INFOPLIST_KEY_UILaunchScreen_Generation = YES;
				INFOPLIST_KEY_UISupportedInterfaceOrientations_iPad = "UIInterfaceOrientationPortrait UIInterfaceOrientationPortraitUpsideDown UIInterfaceOrientationLandscapeLeft UIInterfaceOrientationLandscapeRight";
				INFOPLIST_KEY_UISupportedInterfaceOrientations_iPhone = "UIInterfaceOrientationPortrait UIInterfaceOrientationLandscapeLeft UIInterfaceOrientationLandscapeRight";
				LD_RUNPATH_SEARCH_PATHS = (
					"$(inherited)",
					"@executable_path/Frameworks",
				);
				MARKETING_VERSION = 1.0;
				PRODUCT_BUNDLE_IDENTIFIER = com.robaert.ProjectThree;
				PRODUCT_NAME = "$(TARGET_NAME)";
				SWIFT_EMIT_LOC_STRINGS = YES;
				SWIFT_VERSION = 5.0;
				TARGETED_DEVICE_FAMILY = "1,2";
			};
			name = Release;
		};
/* End XCBuildConfiguration section */

/* Begin XCConfigurationList section */
		ACBC997C2AE444DC001C8B2B /* Build configuration list for PBXProject "ProjectThree" */ = {
			isa = XCConfigurationList;
			buildConfigurations = (
				ACBC998D2AE444DD001C8B2B /* Debug */,
				ACBC998E2AE444DD001C8B2B /* Release */,
			);
			defaultConfigurationIsVisible = 0;
			defaultConfigurationName = Release;
		};
		ACBC998F2AE444DD001C8B2B /* Build configuration list for PBXNativeTarget "ProjectThree" */ = {
			isa = XCConfigurationList;
			buildConfigurations = (
				ACBC99902AE444DD001C8B2B /* Debug */,
				ACBC99912AE444DD001C8B2B /* Release */,
			);
			defaultConfigurationIsVisible = 0;
			defaultConfigurationName = Release;
		};
/* End XCConfigurationList section */

/* Begin XCLocalSwiftPackageReference section */
		ACBC99982AE44940001C8B2B /* XCLocalSwiftPackageReference "../Network" */ = {
			isa = XCLocalSwiftPackageReference;
			relativePath = ../Network;
		};
/* End XCLocalSwiftPackageReference section */

/* Begin XCSwiftPackageProductDependency section */
		ACBC99962AE44582001C8B2B /* Network */ = {
			isa = XCSwiftPackageProductDependency;
			productName = Network;
		};
		ACBC99992AE44940001C8B2B /* Network */ = {
			isa = XCSwiftPackageProductDependency;
			productName = Network;
		};
/* End XCSwiftPackageProductDependency section */
	};
	rootObject = ACBC99792AE444DC001C8B2B /* Project object */;
}
